{"version":4,"terraform_version":"1.10.5","serial":8,"lineage":"38ccfc9a-6276-5556-0a06-3c7f940ae02b","outputs":{},"resources":[{"mode":"managed","type":"proxmox_vm_qemu","name":"talos_control","provider":"provider[\"registry.opentofu.org/telmate/proxmox\"]","instances":[{"index_key":"1110","schema_version":0,"attributes":{"additional_wait":5,"agent":1,"agent_timeout":90,"args":"","automatic_reboot":true,"balloon":0,"bios":"seabios","boot":"order=scsi0;ide2","bootdisk":"","ci_wait":null,"cicustom":null,"cipassword":"","ciupgrade":false,"ciuser":"","clone":null,"clone_id":null,"clone_wait":10,"cores":0,"cpu":[{"affinity":"","cores":2,"flags":[],"limit":0,"numa":false,"sockets":1,"type":"host","units":0,"vcores":0}],"cpu_type":"","current_node":"pve","default_ipv4_address":"10.0.9.173","default_ipv6_address":"fd80:92cc:940:c549:be24:13ff:fe5f:39d1","define_connection_info":true,"desc":null,"description":"Talos control plane node 1110","disk":[],"disks":[{"ide":[{"ide0":[],"ide1":[],"ide2":[{"cdrom":[{"iso":"local:iso/nocloud-amd64.iso","passthrough":false}],"cloudinit":[],"disk":[],"ignore":false,"passthrough":[]}],"ide3":[]}],"sata":[],"scsi":[{"scsi0":[{"cdrom":[],"cloudinit":[],"disk":[{"asyncio":"","backup":true,"cache":"","discard":false,"emulatessd":false,"format":"raw","id":0,"iops_r_burst":0,"iops_r_burst_length":0,"iops_r_concurrent":0,"iops_wr_burst":0,"iops_wr_burst_length":0,"iops_wr_concurrent":0,"iothread":false,"linked_disk_id":-1,"mbps_r_burst":0,"mbps_r_concurrent":0,"mbps_wr_burst":0,"mbps_wr_concurrent":0,"readonly":false,"replicate":false,"serial":"","size":"50G","storage":"bigdisk","wwn":""}],"ignore":false,"passthrough":[]}],"scsi1":[],"scsi10":[],"scsi11":[],"scsi12":[],"scsi13":[],"scsi14":[],"scsi15":[],"scsi16":[],"scsi17":[],"scsi18":[],"scsi19":[],"scsi2":[],"scsi20":[],"scsi21":[],"scsi22":[],"scsi23":[],"scsi24":[],"scsi25":[],"scsi26":[],"scsi27":[],"scsi28":[],"scsi29":[],"scsi3":[],"scsi30":[],"scsi4":[],"scsi5":[],"scsi6":[],"scsi7":[],"scsi8":[],"scsi9":[]}],"virtio":[]}],"efidisk":[],"force_create":false,"force_recreate_on_change_of":null,"full_clone":true,"hagroup":"","hastate":"","hostpci":[],"hotplug":"network,disk,usb","id":"pve/qemu/1110","ipconfig0":"ip=dhcp","ipconfig1":null,"ipconfig10":null,"ipconfig11":null,"ipconfig12":null,"ipconfig13":null,"ipconfig14":null,"ipconfig15":null,"ipconfig2":null,"ipconfig3":null,"ipconfig4":null,"ipconfig5":null,"ipconfig6":null,"ipconfig7":null,"ipconfig8":null,"ipconfig9":null,"kvm":true,"linked_vmid":0,"machine":"","memory":4096,"name":"talos-control-1","nameserver":null,"network":[{"bridge":"vmbr0","firewall":false,"id":0,"link_down":false,"macaddr":"BC:24:13:5F:39:D1","model":"virtio","mtu":0,"queues":0,"rate":0,"tag":0}],"numa":false,"onboot":true,"os_network_config":null,"os_type":null,"pci":[],"pcis":[],"pool":"","protection":false,"pxe":null,"qemu_os":"other","reboot_required":false,"rng":[],"scsihw":"virtio-scsi-single","searchdomain":null,"serial":[],"skip_ipv4":false,"skip_ipv6":true,"smbios":[{"family":"","manufacturer":"","product":"","serial":"","sku":"","uuid":"4378ec40-2f61-4f54-906d-137eb101d924","version":""}],"sockets":0,"ssh_forward_ip":null,"ssh_host":"10.0.9.173","ssh_port":"22","ssh_private_key":null,"ssh_user":null,"sshkeys":null,"startup":"","tablet":true,"tags":"control;kubernetes","target_node":"pve","target_nodes":null,"timeouts":null,"tpm_state":[],"unused_disk":[],"usb":[],"usbs":[],"vcpus":0,"vga":[],"vm_state":"running","vmid":1110},"sensitive_attributes":[[{"type":"get_attr","value":"ssh_private_key"}],[{"type":"get_attr","value":"cipassword"}]],"private":"eyJlMmJmYjczMC1lY2FhLTExZTYtOGY4OC0zNDM2M2JjN2M0YzAiOnsiY3JlYXRlIjoxMjAwMDAwMDAwMDAwLCJkZWZhdWx0IjoxMjAwMDAwMDAwMDAwLCJkZWxldGUiOjEyMDAwMDAwMDAwMDAsInJlYWQiOjEyMDAwMDAwMDAwMDAsInVwZGF0ZSI6MTIwMDAwMDAwMDAwMH19"},{"index_key":"2110","status":"tainted","schema_version":0,"attributes":{"additional_wait":5,"agent":1,"agent_timeout":90,"args":"","automatic_reboot":true,"balloon":0,"bios":"seabios","boot":"order=scsi0;ide2","bootdisk":"","ci_wait":null,"cicustom":null,"cipassword":"","ciupgrade":false,"ciuser":"","clone":null,"clone_id":null,"clone_wait":10,"cores":0,"cpu":[{"affinity":"","cores":2,"flags":[],"limit":0,"numa":false,"sockets":1,"type":"host","units":0,"vcores":0}],"cpu_type":"","current_node":"pve","default_ipv4_address":"","default_ipv6_address":"","define_connection_info":true,"desc":null,"description":"Talos control plane node 2110","disk":[],"disks":[{"ide":[{"ide0":[],"ide1":[],"ide2":[{"cdrom":[{"iso":"local:iso/nocloud-amd64.iso","passthrough":false}],"cloudinit":[],"disk":[],"ignore":false,"passthrough":[]}],"ide3":[]}],"sata":[],"scsi":[{"scsi0":[{"cdrom":[],"cloudinit":[],"disk":[{"asyncio":"","backup":true,"cache":"","discard":false,"emulatessd":false,"format":"raw","id":0,"iops_r_burst":0,"iops_r_burst_length":0,"iops_r_concurrent":0,"iops_wr_burst":0,"iops_wr_burst_length":0,"iops_wr_concurrent":0,"iothread":false,"linked_disk_id":-1,"mbps_r_burst":0,"mbps_r_concurrent":0,"mbps_wr_burst":0,"mbps_wr_concurrent":0,"readonly":false,"replicate":false,"serial":"","size":"50G","storage":"bigdisk","wwn":""}],"ignore":false,"passthrough":[]}],"scsi1":[],"scsi10":[],"scsi11":[],"scsi12":[],"scsi13":[],"scsi14":[],"scsi15":[],"scsi16":[],"scsi17":[],"scsi18":[],"scsi19":[],"scsi2":[],"scsi20":[],"scsi21":[],"scsi22":[],"scsi23":[],"scsi24":[],"scsi25":[],"scsi26":[],"scsi27":[],"scsi28":[],"scsi29":[],"scsi3":[],"scsi30":[],"scsi4":[],"scsi5":[],"scsi6":[],"scsi7":[],"scsi8":[],"scsi9":[]}],"virtio":[]}],"efidisk":[],"force_create":false,"force_recreate_on_change_of":null,"full_clone":true,"hagroup":"","hastate":"","hostpci":[],"hotplug":"network,disk,usb","id":"pve/qemu/2110","ipconfig0":"ip=dhcp","ipconfig1":null,"ipconfig10":null,"ipconfig11":null,"ipconfig12":null,"ipconfig13":null,"ipconfig14":null,"ipconfig15":null,"ipconfig2":null,"ipconfig3":null,"ipconfig4":null,"ipconfig5":null,"ipconfig6":null,"ipconfig7":null,"ipconfig8":null,"ipconfig9":null,"kvm":true,"linked_vmid":0,"machine":"","memory":4096,"name":"talos-control-2","nameserver":null,"network":[{"bridge":"vmbr0","firewall":false,"id":0,"link_down":false,"macaddr":"BC:24:13:5F:39:D2","model":"virtio","mtu":0,"queues":0,"rate":0,"tag":0}],"numa":false,"onboot":true,"os_network_config":null,"os_type":null,"pci":[],"pcis":[],"pool":"","protection":false,"pxe":null,"qemu_os":"other","reboot_required":false,"rng":[],"scsihw":"virtio-scsi-single","searchdomain":null,"serial":[],"skip_ipv4":false,"skip_ipv6":true,"smbios":[{"family":"","manufacturer":"","product":"","serial":"","sku":"","uuid":"9b5981cd-4b4d-44a4-b67f-3d8da9f37fdf","version":""}],"sockets":0,"ssh_forward_ip":null,"ssh_host":"","ssh_port":"22","ssh_private_key":null,"ssh_user":null,"sshkeys":null,"startup":"","tablet":true,"tags":"kubernetes;control","target_node":"pve","target_nodes":null,"timeouts":null,"tpm_state":[],"unused_disk":[],"usb":[],"usbs":[],"vcpus":0,"vga":[],"vm_state":"running","vmid":2110},"sensitive_attributes":[[{"type":"get_attr","value":"cipassword"}],[{"type":"get_attr","value":"ssh_private_key"}]],"private":"eyJlMmJmYjczMC1lY2FhLTExZTYtOGY4OC0zNDM2M2JjN2M0YzAiOnsiY3JlYXRlIjoxMjAwMDAwMDAwMDAwLCJkZWZhdWx0IjoxMjAwMDAwMDAwMDAwLCJkZWxldGUiOjEyMDAwMDAwMDAwMDAsInJlYWQiOjEyMDAwMDAwMDAwMDAsInVwZGF0ZSI6MTIwMDAwMDAwMDAwMH19"}]},{"mode":"managed","type":"proxmox_vm_qemu","name":"talos_stateless_worker","provider":"provider[\"registry.opentofu.org/telmate/proxmox\"]","instances":[{"index_key":"1111","schema_version":0,"attributes":{"additional_wait":5,"agent":1,"agent_timeout":90,"args":"","automatic_reboot":true,"balloon":0,"bios":"seabios","boot":"order=scsi0;ide2","bootdisk":"","ci_wait":null,"cicustom":null,"cipassword":"","ciupgrade":false,"ciuser":"","clone":null,"clone_id":null,"clone_wait":10,"cores":0,"cpu":[{"affinity":"","cores":6,"flags":[],"limit":0,"numa":false,"sockets":1,"type":"host","units":0,"vcores":0}],"cpu_type":"","current_node":"pve","default_ipv4_address":"10.0.9.176","default_ipv6_address":"fd80:92cc:940:c549:be24:13ff:fe5f:39d4","define_connection_info":true,"desc":null,"description":"Talos worker node 1111","disk":[],"disks":[{"ide":[{"ide0":[],"ide1":[],"ide2":[{"cdrom":[{"iso":"local:iso/nocloud-amd64.iso","passthrough":false}],"cloudinit":[],"disk":[],"ignore":false,"passthrough":[]}],"ide3":[]}],"sata":[],"scsi":[{"scsi0":[{"cdrom":[],"cloudinit":[],"disk":[{"asyncio":"","backup":true,"cache":"","discard":false,"emulatessd":false,"format":"raw","id":0,"iops_r_burst":0,"iops_r_burst_length":0,"iops_r_concurrent":0,"iops_wr_burst":0,"iops_wr_burst_length":0,"iops_wr_concurrent":0,"iothread":false,"linked_disk_id":-1,"mbps_r_burst":0,"mbps_r_concurrent":0,"mbps_wr_burst":0,"mbps_wr_concurrent":0,"readonly":false,"replicate":false,"serial":"","size":"30G","storage":"bigdisk","wwn":""}],"ignore":false,"passthrough":[]}],"scsi1":[],"scsi10":[],"scsi11":[],"scsi12":[],"scsi13":[],"scsi14":[],"scsi15":[],"scsi16":[],"scsi17":[],"scsi18":[],"scsi19":[],"scsi2":[],"scsi20":[],"scsi21":[],"scsi22":[],"scsi23":[],"scsi24":[],"scsi25":[],"scsi26":[],"scsi27":[],"scsi28":[],"scsi29":[],"scsi3":[],"scsi30":[],"scsi4":[],"scsi5":[],"scsi6":[],"scsi7":[],"scsi8":[],"scsi9":[]}],"virtio":[]}],"efidisk":[],"force_create":false,"force_recreate_on_change_of":null,"full_clone":true,"hagroup":"","hastate":"","hostpci":[],"hotplug":"network,disk,usb","id":"pve/qemu/1111","ipconfig0":"ip=dhcp","ipconfig1":null,"ipconfig10":null,"ipconfig11":null,"ipconfig12":null,"ipconfig13":null,"ipconfig14":null,"ipconfig15":null,"ipconfig2":null,"ipconfig3":null,"ipconfig4":null,"ipconfig5":null,"ipconfig6":null,"ipconfig7":null,"ipconfig8":null,"ipconfig9":null,"kvm":true,"linked_vmid":0,"machine":"","memory":16384,"name":"talos-worker-1","nameserver":null,"network":[{"bridge":"vmbr0","firewall":false,"id":0,"link_down":false,"macaddr":"BC:24:13:5F:39:D4","model":"virtio","mtu":0,"queues":0,"rate":0,"tag":0}],"numa":false,"onboot":true,"os_network_config":null,"os_type":null,"pci":[],"pcis":[],"pool":"","protection":false,"pxe":null,"qemu_os":"other","reboot_required":false,"rng":[],"scsihw":"virtio-scsi-single","searchdomain":null,"serial":[],"skip_ipv4":false,"skip_ipv6":true,"smbios":[{"family":"","manufacturer":"","product":"","serial":"","sku":"","uuid":"5f4f5b40-729a-4dd9-b234-280e942fdad9","version":""}],"sockets":0,"ssh_forward_ip":null,"ssh_host":"10.0.9.176","ssh_port":"22","ssh_private_key":null,"ssh_user":null,"sshkeys":null,"startup":"","tablet":true,"tags":"kubernetes;worker","target_node":"pve","target_nodes":null,"timeouts":null,"tpm_state":[],"unused_disk":[],"usb":[],"usbs":[],"vcpus":0,"vga":[],"vm_state":"running","vmid":1111},"sensitive_attributes":[[{"type":"get_attr","value":"cipassword"}],[{"type":"get_attr","value":"ssh_private_key"}]],"private":"eyJlMmJmYjczMC1lY2FhLTExZTYtOGY4OC0zNDM2M2JjN2M0YzAiOnsiY3JlYXRlIjoxMjAwMDAwMDAwMDAwLCJkZWZhdWx0IjoxMjAwMDAwMDAwMDAwLCJkZWxldGUiOjEyMDAwMDAwMDAwMDAsInJlYWQiOjEyMDAwMDAwMDAwMDAsInVwZGF0ZSI6MTIwMDAwMDAwMDAwMH19"},{"index_key":"2111","schema_version":0,"attributes":{"additional_wait":5,"agent":1,"agent_timeout":90,"args":"","automatic_reboot":true,"balloon":0,"bios":"seabios","boot":"order=scsi0;ide2","bootdisk":"","ci_wait":null,"cicustom":null,"cipassword":"","ciupgrade":false,"ciuser":"","clone":null,"clone_id":null,"clone_wait":10,"cores":0,"cpu":[{"affinity":"","cores":6,"flags":[],"limit":0,"numa":false,"sockets":1,"type":"host","units":0,"vcores":0}],"cpu_type":"","current_node":"pve","default_ipv4_address":"10.0.9.177","default_ipv6_address":"","define_connection_info":true,"desc":null,"description":"Talos worker node 2111","disk":[],"disks":[{"ide":[{"ide0":[],"ide1":[],"ide2":[{"cdrom":[{"iso":"local:iso/nocloud-amd64.iso","passthrough":false}],"cloudinit":[],"disk":[],"ignore":false,"passthrough":[]}],"ide3":[]}],"sata":[],"scsi":[{"scsi0":[{"cdrom":[],"cloudinit":[],"disk":[{"asyncio":"","backup":true,"cache":"","discard":false,"emulatessd":false,"format":"raw","id":0,"iops_r_burst":0,"iops_r_burst_length":0,"iops_r_concurrent":0,"iops_wr_burst":0,"iops_wr_burst_length":0,"iops_wr_concurrent":0,"iothread":false,"linked_disk_id":-1,"mbps_r_burst":0,"mbps_r_concurrent":0,"mbps_wr_burst":0,"mbps_wr_concurrent":0,"readonly":false,"replicate":false,"serial":"","size":"50G","storage":"bigdisk","wwn":""}],"ignore":false,"passthrough":[]}],"scsi1":[],"scsi10":[],"scsi11":[],"scsi12":[],"scsi13":[],"scsi14":[],"scsi15":[],"scsi16":[],"scsi17":[],"scsi18":[],"scsi19":[],"scsi2":[],"scsi20":[],"scsi21":[],"scsi22":[],"scsi23":[],"scsi24":[],"scsi25":[],"scsi26":[],"scsi27":[],"scsi28":[],"scsi29":[],"scsi3":[],"scsi30":[],"scsi4":[],"scsi5":[],"scsi6":[],"scsi7":[],"scsi8":[],"scsi9":[]}],"virtio":[]}],"efidisk":[],"force_create":false,"force_recreate_on_change_of":null,"full_clone":true,"hagroup":"","hastate":"","hostpci":[],"hotplug":"network,disk,usb","id":"pve/qemu/2111","ipconfig0":"ip=dhcp","ipconfig1":null,"ipconfig10":null,"ipconfig11":null,"ipconfig12":null,"ipconfig13":null,"ipconfig14":null,"ipconfig15":null,"ipconfig2":null,"ipconfig3":null,"ipconfig4":null,"ipconfig5":null,"ipconfig6":null,"ipconfig7":null,"ipconfig8":null,"ipconfig9":null,"kvm":true,"linked_vmid":0,"machine":"","memory":16384,"name":"talos-worker-2","nameserver":null,"network":[{"bridge":"vmbr0","firewall":false,"id":0,"link_down":false,"macaddr":"BC:24:13:5F:39:D5","model":"virtio","mtu":0,"queues":0,"rate":0,"tag":0}],"numa":false,"onboot":true,"os_network_config":null,"os_type":null,"pci":[],"pcis":[],"pool":"","protection":false,"pxe":null,"qemu_os":"other","reboot_required":false,"rng":[],"scsihw":"virtio-scsi-single","searchdomain":null,"serial":[],"skip_ipv4":false,"skip_ipv6":true,"smbios":[{"family":"","manufacturer":"","product":"","serial":"","sku":"","uuid":"c2706aeb-a51c-4839-927e-df789c646548","version":""}],"sockets":0,"ssh_forward_ip":null,"ssh_host":"10.0.9.177","ssh_port":"22","ssh_private_key":null,"ssh_user":null,"sshkeys":null,"startup":"","tablet":true,"tags":"kubernetes;worker","target_node":"pve","target_nodes":null,"timeouts":null,"tpm_state":[],"unused_disk":[],"usb":[],"usbs":[],"vcpus":0,"vga":[],"vm_state":"running","vmid":2111},"sensitive_attributes":[[{"type":"get_attr","value":"ssh_private_key"}],[{"type":"get_attr","value":"cipassword"}]],"private":"eyJlMmJmYjczMC1lY2FhLTExZTYtOGY4OC0zNDM2M2JjN2M0YzAiOnsiY3JlYXRlIjoxMjAwMDAwMDAwMDAwLCJkZWZhdWx0IjoxMjAwMDAwMDAwMDAwLCJkZWxldGUiOjEyMDAwMDAwMDAwMDAsInJlYWQiOjEyMDAwMDAwMDAwMDAsInVwZGF0ZSI6MTIwMDAwMDAwMDAwMH19"}]}],"check_results":null}
